
Microsoft Visual Studio Solution File, Format Version 12.00
# Visual Studio Version 17
VisualStudioVersion = 17.13.35919.96
MinimumVisualStudioVersion = 10.0.40219.1
Project("{54A90642-561A-4BB1-A94E-469ADEE60C69}") = "RentApp.client", "rentapp.client\RentApp.client.esproj", "{DCD00620-2BDD-0F6E-1D02-2A5A5859C372}"
EndProject
Project("{FAE04EC0-301F-11D3-BF4B-00C04F79EFBC}") = "RentApp.Server", "RentApp.Server\RentApp.Server.csproj", "{0E21B034-6E03-4C0F-8211-0683286F5422}"
EndProject
Global
	GlobalSection(SolutionConfigurationPlatforms) = preSolution
		Debug|Any CPU = Debug|Any CPU
		Release|Any CPU = Release|Any CPU
	EndGlobalSection
	GlobalSection(ProjectConfigurationPlatforms) = postSolution
		{DCD00620-2BDD-0F6E-1D02-2A5A5859C372}.Debug|Any CPU.ActiveCfg = Debug|Any CPU
		{DCD00620-2BDD-0F6E-1D02-2A5A5859C372}.Debug|Any CPU.Build.0 = Debug|Any CPU
		{DCD00620-2BDD-0F6E-1D02-2A5A5859C372}.Debug|Any CPU.Deploy.0 = Debug|Any CPU
		{DCD00620-2BDD-0F6E-1D02-2A5A5859C372}.Release|Any CPU.ActiveCfg = Release|Any CPU
		{DCD00620-2BDD-0F6E-1D02-2A5A5859C372}.Release|Any CPU.Build.0 = Release|Any CPU
		{DCD00620-2BDD-0F6E-1D02-2A5A5859C372}.Release|Any CPU.Deploy.0 = Release|Any CPU
		{0E21B034-6E03-4C0F-8211-0683286F5422}.Debug|Any CPU.ActiveCfg = Debug|Any CPU
		{0E21B034-6E03-4C0F-8211-0683286F5422}.Debug|Any CPU.Build.0 = Debug|Any CPU
		{0E21B034-6E03-4C0F-8211-0683286F5422}.Release|Any CPU.ActiveCfg = Release|Any CPU
		{0E21B034-6E03-4C0F-8211-0683286F5422}.Release|Any CPU.Build.0 = Release|Any CPU
	EndGlobalSection
	GlobalSection(SolutionProperties) = preSolution
		HideSolutionNode = FALSE
	EndGlobalSection
	GlobalSection(ExtensibilityGlobals) = postSolution
		SolutionGuid = {6F49290A-28BA-4259-9556-B943A98AF8B7}
	EndGlobalSection
EndGlobal
